
Microsoft Visual Studio Solution File, Format Version 12.00
# Visual Studio Version 17
VisualStudioVersion = 17.8.34525.116
MinimumVisualStudioVersion = 10.0.40219.1
Project("{FAE04EC0-301F-11D3-BF4B-00C04F79EFBC}") = "MPaintClassLib", "MPaintClassLib.csproj", "{5C0513DB-9FB9-4740-9E6D-E98C930CCDDA}"
EndProject
Global
	GlobalSection(SolutionConfigurationPlatforms) = preSolution
		Debug|Any CPU = Debug|Any CPU
		Release|Any CPU = Release|Any CPU
	EndGlobalSection
	GlobalSection(ProjectConfigurationPlatforms) = postSolution
		{5C0513DB-9FB9-4740-9E6D-E98C930CCDDA}.Debug|Any CPU.ActiveCfg = Debug|Any CPU
		{5C0513DB-9FB9-4740-9E6D-E98C930CCDDA}.Debug|Any CPU.Build.0 = Debug|Any CPU
		{5C0513DB-9FB9-4740-9E6D-E98C930CCDDA}.Release|Any CPU.ActiveCfg = Release|Any CPU
		{5C0513DB-9FB9-4740-9E6D-E98C930CCDDA}.Release|Any CPU.Build.0 = Release|Any CPU
	EndGlobalSection
	GlobalSection(SolutionProperties) = preSolution
		HideSolutionNode = FALSE
	EndGlobalSection
	GlobalSection(ExtensibilityGlobals) = postSolution
		SolutionGuid = {086D6236-0425-4527-9291-799D2B605147}
	EndGlobalSection
EndGlobal
